<?xml version="1.0" encoding="utf-8"?>
<Project ToolsVersion="4.0" xmlns="http://schemas.microsoft.com/developer/msbuild/2003">
  <ItemGroup>
    <Filter Include="Source Files">
      <UniqueIdentifier>{4FC737F1-C7A5-4376-A066-2A32D752A2FF}</UniqueIdentifier>
      <Extensions>cpp;c;cc;cxx;def;odl;idl;hpj;bat;asm;asmx</Extensions>
    </Filter>
    <Filter Include="Header Files">
      <UniqueIdentifier>{93995380-89BD-4b04-88EB-625FBE52EBFB}</UniqueIdentifier>
      <Extensions>h;hh;hpp;hxx;hm;inl;inc;xsd</Extensions>
    </Filter>
    <Filter Include="Resource Files">
      <UniqueIdentifier>{67DA6AB6-F800-4c08-8B7A-83BB121AAD01}</UniqueIdentifier>
      <Extensions>rc;ico;cur;bmp;dlg;rc2;rct;bin;rgs;gif;jpg;jpeg;jpe;resx;tiff;tif;png;wav;mfcribbon-ms</Extensions>
    </Filter>
    <Filter Include="Engine">
      <UniqueIdentifier>{5bce25bb-be27-4777-ae5e-2d4448d5331f}</UniqueIdentifier>
    </Filter>
    <Filter Include="Game">
      <UniqueIdentifier>{5222bef3-9e2f-47be-914a-6aabcd0dde5f}</UniqueIdentifier>
    </Filter>
    <Filter Include="Game\Player">
      <UniqueIdentifier>{6f379b07-377e-45ba-b223-914a6b8262f4}</UniqueIdentifier>
    </Filter>
    <Filter Include="Game\Scenes">
      <UniqueIdentifier>{520a80f6-9c86-401f-9678-345a75b87ab8}</UniqueIdentifier>
    </Filter>
    <Filter Include="Game\Network">
      <UniqueIdentifier>{ed93085e-1dfc-46ab-a573-c2494e304bb5}</UniqueIdentifier>
    </Filter>
    <Filter Include="Game\Management">
      <UniqueIdentifier>{db8c4c7c-5399-4c24-a88c-78acf87b95d3}</UniqueIdentifier>
    </Filter>
    <Filter Include="Engine\Sound">
      <UniqueIdentifier>{ba68b7b6-5b3c-488b-b347-72d1d60d4214}</UniqueIdentifier>
    </Filter>
    <Filter Include="Engine\Input">
      <UniqueIdentifier>{b1d8f493-35ee-4abc-8464-5587af06291b}</UniqueIdentifier>
    </Filter>
    <Filter Include="Engine\UI">
      <UniqueIdentifier>{b40eafe2-7764-4936-b321-1e00a4788d25}</UniqueIdentifier>
    </Filter>
    <Filter Include="Engine\Entity">
      <UniqueIdentifier>{e3ecb23e-288a-4a24-8f5d-015a8bb790d4}</UniqueIdentifier>
    </Filter>
    <Filter Include="Engine\Camera">
      <UniqueIdentifier>{8ae8d6dd-e6e7-4c16-937d-f54a613699fa}</UniqueIdentifier>
    </Filter>
    <Filter Include="Engine\Scene">
      <UniqueIdentifier>{edafde15-0bff-4aad-840b-aea97a117b15}</UniqueIdentifier>
    </Filter>
    <Filter Include="Engine\Render">
      <UniqueIdentifier>{92d72969-16a4-42ce-9a3d-bed733147721}</UniqueIdentifier>
    </Filter>
    <Filter Include="Engine\System">
      <UniqueIdentifier>{4cf312bc-7297-4db4-a79e-ac1ec555998e}</UniqueIdentifier>
    </Filter>
    <Filter Include="Game\Game UI">
      <UniqueIdentifier>{6df4f403-b7b5-456a-ae2d-ec0242e02d8d}</UniqueIdentifier>
    </Filter>
    <Filter Include="Game\Enemies">
      <UniqueIdentifier>{69d00d35-540a-404a-8e0a-e67cddd48159}</UniqueIdentifier>
    </Filter>
    <Filter Include="Game\AI">
      <UniqueIdentifier>{0147767a-017e-4d1e-b879-7f072f955f62}</UniqueIdentifier>
    </Filter>
    <Filter Include="Game\Network\Menu">
      <UniqueIdentifier>{e73dc593-4eba-4ca1-921b-a3720bfcf550}</UniqueIdentifier>
    </Filter>
  </ItemGroup>
  <ItemGroup>
    <ClCompile Include="main.cpp">
      <Filter>Source Files</Filter>
    </ClCompile>
    <ClCompile Include="GameSettings.cpp">
      <Filter>Game\Management</Filter>
    </ClCompile>
    <ClCompile Include="GameManager.cpp">
      <Filter>Game\Management</Filter>
    </ClCompile>
    <ClCompile Include="LevelManager.cpp">
      <Filter>Game\Management</Filter>
    </ClCompile>
    <ClCompile Include="Level.cpp">
      <Filter>Game\Scenes</Filter>
    </ClCompile>
    <ClCompile Include="Menu.cpp">
      <Filter>Game\Scenes</Filter>
    </ClCompile>
    <ClCompile Include="Player.cpp">
      <Filter>Game\Player</Filter>
    </ClCompile>
    <ClCompile Include="Engine\Camera.cpp">
      <Filter>Engine\Camera</Filter>
    </ClCompile>
    <ClCompile Include="Engine\Cursor.cpp">
      <Filter>Engine\UI</Filter>
    </ClCompile>
    <ClCompile Include="Engine\Entity.cpp">
      <Filter>Engine\Entity</Filter>
    </ClCompile>
    <ClCompile Include="Engine\Input.cpp">
      <Filter>Engine\Input</Filter>
    </ClCompile>
    <ClCompile Include="Engine\ParticleSystem.cpp">
      <Filter>Engine\Entity</Filter>
    </ClCompile>
    <ClCompile Include="Engine\Scene.cpp">
      <Filter>Engine\Scene</Filter>
    </ClCompile>
    <ClCompile Include="Engine\SceneManager.cpp">
      <Filter>Engine\Scene</Filter>
    </ClCompile>
    <ClCompile Include="Engine\ShaderLoader.cpp">
      <Filter>Engine\Render</Filter>
    </ClCompile>
    <ClCompile Include="Engine\Shader.cpp">
      <Filter>Engine\Render</Filter>
    </ClCompile>
    <ClCompile Include="Engine\SoundManager.cpp">
      <Filter>Engine\Sound</Filter>
    </ClCompile>
    <ClCompile Include="Engine\Text.cpp">
      <Filter>Engine\UI</Filter>
    </ClCompile>
    <ClCompile Include="Engine\UIButton.cpp">
      <Filter>Engine\UI</Filter>
    </ClCompile>
    <ClCompile Include="Engine\UIElement.cpp">
      <Filter>Engine\UI</Filter>
    </ClCompile>
    <ClCompile Include="Engine\UIImage.cpp">
      <Filter>Engine\UI</Filter>
    </ClCompile>
    <ClCompile Include="Engine\UISlider.cpp">
      <Filter>Engine\UI</Filter>
    </ClCompile>
    <ClCompile Include="Engine\UIText.cpp">
      <Filter>Engine\UI</Filter>
    </ClCompile>
    <ClCompile Include="Engine\Utils.cpp">
      <Filter>Engine\System</Filter>
    </ClCompile>
    <ClCompile Include="UIManager.cpp">
      <Filter>Game\Game UI</Filter>
    </ClCompile>
    <ClCompile Include="Chat.cpp">
      <Filter>Game\Game UI</Filter>
    </ClCompile>
    <ClCompile Include="ScoreTab.cpp">
      <Filter>Game\Game UI</Filter>
    </ClCompile>
    <ClCompile Include="OptionsScreen.cpp">
      <Filter>Game\Game UI</Filter>
    </ClCompile>
    <ClCompile Include="Engine\Mesh.cpp">
      <Filter>Engine\Render</Filter>
    </ClCompile>
    <ClCompile Include="Engine\Plane.cpp">
      <Filter>Engine\Render</Filter>
    </ClCompile>
    <ClCompile Include="Engine\Pyramid.cpp">
      <Filter>Engine\Render</Filter>
    </ClCompile>
    <ClCompile Include="Engine\Sphere.cpp">
      <Filter>Engine\Render</Filter>
    </ClCompile>
    <ClCompile Include="Engine\Lighting.cpp">
      <Filter>Engine\Render</Filter>
    </ClCompile>
    <ClCompile Include="Engine\Time.cpp">
      <Filter>Engine\System</Filter>
    </ClCompile>
    <ClCompile Include="AI.cpp">
      <Filter>Game\AI</Filter>
    </ClCompile>
    <ClCompile Include="Enemy1.cpp">
      <Filter>Game\Enemies</Filter>
    </ClCompile>
    <ClCompile Include="Engine\Cube.cpp">
      <Filter>Engine\Render</Filter>
    </ClCompile>
    <ClCompile Include="NetworkSystem.cpp">
      <Filter>Game\Network</Filter>
    </ClCompile>
    <ClCompile Include="NetworkEntity.cpp">
      <Filter>Game\Network</Filter>
    </ClCompile>
    <ClCompile Include="Server.cpp">
      <Filter>Game\Network</Filter>
    </ClCompile>
    <ClCompile Include="Client.cpp">
      <Filter>Game\Network</Filter>
    </ClCompile>
    <ClCompile Include="Engine\CubeMap.cpp">
      <Filter>Engine\Render</Filter>
    </ClCompile>
    <ClCompile Include="socket.cpp">
      <Filter>Game\Network</Filter>
    </ClCompile>
    <ClCompile Include="NetworkManager.cpp">
      <Filter>Game\Network</Filter>
    </ClCompile>
    <ClCompile Include="Enemy2.cpp">
      <Filter>Game\Enemies</Filter>
    <ClCompile Include="HostGameMenu.cpp">
      <Filter>Game\Network\Menu</Filter>
    </ClCompile>
    <ClCompile Include="JoinGameMenu.cpp">
      <Filter>Game\Network\Menu</Filter>
    </ClCompile>
    <ClCompile Include="LobbyMenu.cpp">
      <Filter>Game\Network\Menu</Filter>
    </ClCompile>
    <ClCompile Include="Engine\UITextField.cpp">
      <Filter>Engine\UI</Filter>
    </ClCompile>
  </ItemGroup>
  <ItemGroup>
    <ClInclude Include="GameManager.h">
      <Filter>Game\Management</Filter>
    </ClInclude>
    <ClInclude Include="GameSettings.h">
      <Filter>Game\Management</Filter>
    </ClInclude>
    <ClInclude Include="LevelManager.h">
      <Filter>Game\Management</Filter>
    </ClInclude>
    <ClInclude Include="Level.h">
      <Filter>Game\Scenes</Filter>
    </ClInclude>
    <ClInclude Include="Menu.h">
      <Filter>Game\Scenes</Filter>
    </ClInclude>
    <ClInclude Include="Player.h">
      <Filter>Game\Player</Filter>
    </ClInclude>
    <ClInclude Include="Engine\Camera.h">
      <Filter>Engine\Camera</Filter>
    </ClInclude>
    <ClInclude Include="Engine\Cursor.h">
      <Filter>Engine\UI</Filter>
    </ClInclude>
    <ClInclude Include="Engine\Entity.h">
      <Filter>Engine\Entity</Filter>
    </ClInclude>
    <ClInclude Include="Engine\Input.h">
      <Filter>Engine\Input</Filter>
    </ClInclude>
    <ClInclude Include="Engine\ParticleSystem.h">
      <Filter>Engine\Entity</Filter>
    </ClInclude>
    <ClInclude Include="Engine\Scene.h">
      <Filter>Engine\Scene</Filter>
    </ClInclude>
    <ClInclude Include="Engine\SceneManager.h">
      <Filter>Engine\Scene</Filter>
    </ClInclude>
    <ClInclude Include="Engine\ShaderLoader.h">
      <Filter>Engine\Render</Filter>
    </ClInclude>
    <ClInclude Include="Engine\Shader.h">
      <Filter>Engine\Render</Filter>
    </ClInclude>
    <ClInclude Include="Engine\SoundManager.h">
      <Filter>Engine\Sound</Filter>
    </ClInclude>
    <ClInclude Include="Engine\Text.h">
      <Filter>Engine\UI</Filter>
    </ClInclude>
    <ClInclude Include="Engine\UIButton.h">
      <Filter>Engine\UI</Filter>
    </ClInclude>
    <ClInclude Include="Engine\UIElement.h">
      <Filter>Engine\UI</Filter>
    </ClInclude>
    <ClInclude Include="Engine\UIImage.h">
      <Filter>Engine\UI</Filter>
    </ClInclude>
    <ClInclude Include="Engine\UISlider.h">
      <Filter>Engine\UI</Filter>
    </ClInclude>
    <ClInclude Include="Engine\UIText.h">
      <Filter>Engine\UI</Filter>
    </ClInclude>
    <ClInclude Include="Engine\Time.h">
      <Filter>Engine\System</Filter>
    </ClInclude>
    <ClInclude Include="Engine\Utils.h">
      <Filter>Engine\System</Filter>
    </ClInclude>
    <ClInclude Include="UIManager.h">
      <Filter>Game\Game UI</Filter>
    </ClInclude>
    <ClInclude Include="Chat.h">
      <Filter>Game\Game UI</Filter>
    </ClInclude>
    <ClInclude Include="ScoreTab.h">
      <Filter>Game\Game UI</Filter>
    </ClInclude>
    <ClInclude Include="OptionsScreen.h">
      <Filter>Game\Game UI</Filter>
    </ClInclude>
    <ClInclude Include="Engine\Mesh.h">
      <Filter>Engine\Render</Filter>
    </ClInclude>
    <ClInclude Include="Engine\Plane.h">
      <Filter>Engine\Render</Filter>
    </ClInclude>
    <ClInclude Include="Engine\Pyramid.h">
      <Filter>Engine\Render</Filter>
    </ClInclude>
    <ClInclude Include="Engine\Sphere.h">
      <Filter>Engine\Render</Filter>
    </ClInclude>
    <ClInclude Include="Engine\Lighting.h">
      <Filter>Engine\Render</Filter>
    </ClInclude>
    <ClInclude Include="AI.h">
      <Filter>Game\AI</Filter>
    </ClInclude>
    <ClInclude Include="Enemy1.h">
      <Filter>Game\Enemies</Filter>
    </ClInclude>
    <ClInclude Include="Engine\Cube.h">
      <Filter>Engine\Render</Filter>
    </ClInclude>
    <ClInclude Include="NetworkSystem.h">
      <Filter>Game\Network</Filter>
    </ClInclude>
    <ClInclude Include="NetworkEntity.h">
      <Filter>Game\Network</Filter>
    </ClInclude>
    <ClInclude Include="Client.h">
      <Filter>Game\Network</Filter>
    </ClInclude>
    <ClInclude Include="Server.h">
      <Filter>Game\Network</Filter>
    </ClInclude>
    <ClInclude Include="Engine\CubeMap.h">
      <Filter>Engine\Render</Filter>
    </ClInclude>
    <ClInclude Include="socket.h">
      <Filter>Game\Network</Filter>
    </ClInclude>
    <ClInclude Include="WorkQueue.h">
      <Filter>Game\Network</Filter>
    </ClInclude>
    <ClInclude Include="utils.h">
      <Filter>Game\Network</Filter>
    </ClInclude>
    <ClInclude Include="NetworkManager.h">
      <Filter>Game\Network</Filter>
    </ClInclude>
    <ClInclude Include="Enemy2.h">
      <Filter>Game\Enemies</Filter>
    <ClInclude Include="HostGameMenu.h">
      <Filter>Game\Network\Menu</Filter>
    </ClInclude>
    <ClInclude Include="JoinGameMenu.h">
      <Filter>Game\Network\Menu</Filter>
    </ClInclude>
    <ClInclude Include="LobbyMenu.h">
      <Filter>Game\Network\Menu</Filter>
    </ClInclude>
    <ClInclude Include="Engine\UITextField.h">
      <Filter>Engine\UI</Filter>
    </ClInclude>
  </ItemGroup>
  <ItemGroup>
    <Text Include="..\Comment Templates.txt" />
  </ItemGroup>
</Project>